
Microsoft Visual Studio Solution File, Format Version 12.00
# Visual Studio Version 17
VisualStudioVersion = 17.3.32922.545
MinimumVisualStudioVersion = 10.0.40219.1
Project("{FAE04EC0-301F-11D3-BF4B-00C04F79EFBC}") = "Лабораторная работа 2", "Лабораторная работа 2.csproj", "{C26D67AB-CC17-4225-97D3-9C7F0E3E7CC0}"
EndProject
Global
	GlobalSection(SolutionConfigurationPlatforms) = preSolution
		Debug|Any CPU = Debug|Any CPU
		Release|Any CPU = Release|Any CPU
	EndGlobalSection
	GlobalSection(ProjectConfigurationPlatforms) = postSolution
		{C26D67AB-CC17-4225-97D3-9C7F0E3E7CC0}.Debug|Any CPU.ActiveCfg = Debug|Any CPU
		{C26D67AB-CC17-4225-97D3-9C7F0E3E7CC0}.Debug|Any CPU.Build.0 = Debug|Any CPU
		{C26D67AB-CC17-4225-97D3-9C7F0E3E7CC0}.Release|Any CPU.ActiveCfg = Release|Any CPU
		{C26D67AB-CC17-4225-97D3-9C7F0E3E7CC0}.Release|Any CPU.Build.0 = Release|Any CPU
	EndGlobalSection
	GlobalSection(SolutionProperties) = preSolution
		HideSolutionNode = FALSE
	EndGlobalSection
	GlobalSection(ExtensibilityGlobals) = postSolution
		SolutionGuid = {CF469FB0-15A6-40F4-ADDA-9725B24B878A}
	EndGlobalSection
EndGlobal
